
Microsoft Visual Studio Solution File, Format Version 12.00
Project("{FAE04EC0-301F-11D3-BF4B-00C04F79EFBC}") = "WebApp", "WebApp\WebApp.csproj", "{685C181E-699E-4660-B6E5-3C053BFAA8C8}"
EndProject
Project("{FAE04EC0-301F-11D3-BF4B-00C04F79EFBC}") = "Domain", "Domain\Domain.csproj", "{6AF849A9-C580-4914-81EB-07A5058821F6}"
EndProject
Project("{FAE04EC0-301F-11D3-BF4B-00C04F79EFBC}") = "Contracts.DAL.App", "Contracts.DAL.App\Contracts.DAL.App.csproj", "{20F0BBAF-7103-4A3E-8CD3-8BF2A54F891C}"
EndProject
Project("{FAE04EC0-301F-11D3-BF4B-00C04F79EFBC}") = "DAL.App.EF", "DAL.App.EF\DAL.App.EF.csproj", "{8BFA80B5-92C7-493D-90A4-57C06B9CD3AC}"
EndProject
Project("{FAE04EC0-301F-11D3-BF4B-00C04F79EFBC}") = "Contracts.BLL.App", "Contracts.BLL.App\Contracts.BLL.App.csproj", "{F5CC1FE5-A4EE-4D81-B964-0FC087E83DF0}"
EndProject
Project("{FAE04EC0-301F-11D3-BF4B-00C04F79EFBC}") = "BLL.App", "BLL.App\BLL.App.csproj", "{D86FBC65-00CF-49DB-8DAA-ADD7337B4039}"
EndProject
Project("{FAE04EC0-301F-11D3-BF4B-00C04F79EFBC}") = "BLL.App.DTO", "BLL.App.DTO\BLL.App.DTO.csproj", "{229A37AF-1832-4243-8C25-6FBC948E4550}"
EndProject
Project("{FAE04EC0-301F-11D3-BF4B-00C04F79EFBC}") = "DAL.App.DTO", "DAL.App.DTO\DAL.App.DTO.csproj", "{BA9A8F3C-EA91-49B8-91DE-46C39C67DB4B}"
EndProject
Project("{FAE04EC0-301F-11D3-BF4B-00C04F79EFBC}") = "Resources", "Resources\Resources.csproj", "{B546304B-22B1-4823-A0C3-D4D34B7575FE}"
EndProject
Project("{FAE04EC0-301F-11D3-BF4B-00C04F79EFBC}") = "PublicApi.v1", "PublicApi.v1\PublicApi.v1.csproj", "{13A46992-4292-43E8-AD2D-E65505E8BAC5}"
EndProject
Project("{FAE04EC0-301F-11D3-BF4B-00C04F79EFBC}") = "PublicApi.v1.DTO", "PublicApi.v1.DTO\PublicApi.v1.DTO.csproj", "{C0E200A8-EDDC-4454-8077-50C199D1FBA4}"
EndProject
Global
	GlobalSection(SolutionConfigurationPlatforms) = preSolution
		Debug|Any CPU = Debug|Any CPU
		Release|Any CPU = Release|Any CPU
	EndGlobalSection
	GlobalSection(ProjectConfigurationPlatforms) = postSolution
		{685C181E-699E-4660-B6E5-3C053BFAA8C8}.Debug|Any CPU.ActiveCfg = Debug|Any CPU
		{685C181E-699E-4660-B6E5-3C053BFAA8C8}.Debug|Any CPU.Build.0 = Debug|Any CPU
		{685C181E-699E-4660-B6E5-3C053BFAA8C8}.Release|Any CPU.ActiveCfg = Release|Any CPU
		{685C181E-699E-4660-B6E5-3C053BFAA8C8}.Release|Any CPU.Build.0 = Release|Any CPU
		{6AF849A9-C580-4914-81EB-07A5058821F6}.Debug|Any CPU.ActiveCfg = Debug|Any CPU
		{6AF849A9-C580-4914-81EB-07A5058821F6}.Debug|Any CPU.Build.0 = Debug|Any CPU
		{6AF849A9-C580-4914-81EB-07A5058821F6}.Release|Any CPU.ActiveCfg = Release|Any CPU
		{6AF849A9-C580-4914-81EB-07A5058821F6}.Release|Any CPU.Build.0 = Release|Any CPU
		{20F0BBAF-7103-4A3E-8CD3-8BF2A54F891C}.Debug|Any CPU.ActiveCfg = Debug|Any CPU
		{20F0BBAF-7103-4A3E-8CD3-8BF2A54F891C}.Debug|Any CPU.Build.0 = Debug|Any CPU
		{20F0BBAF-7103-4A3E-8CD3-8BF2A54F891C}.Release|Any CPU.ActiveCfg = Release|Any CPU
		{20F0BBAF-7103-4A3E-8CD3-8BF2A54F891C}.Release|Any CPU.Build.0 = Release|Any CPU
		{8BFA80B5-92C7-493D-90A4-57C06B9CD3AC}.Debug|Any CPU.ActiveCfg = Debug|Any CPU
		{8BFA80B5-92C7-493D-90A4-57C06B9CD3AC}.Debug|Any CPU.Build.0 = Debug|Any CPU
		{8BFA80B5-92C7-493D-90A4-57C06B9CD3AC}.Release|Any CPU.ActiveCfg = Release|Any CPU
		{8BFA80B5-92C7-493D-90A4-57C06B9CD3AC}.Release|Any CPU.Build.0 = Release|Any CPU
		{F5CC1FE5-A4EE-4D81-B964-0FC087E83DF0}.Debug|Any CPU.ActiveCfg = Debug|Any CPU
		{F5CC1FE5-A4EE-4D81-B964-0FC087E83DF0}.Debug|Any CPU.Build.0 = Debug|Any CPU
		{F5CC1FE5-A4EE-4D81-B964-0FC087E83DF0}.Release|Any CPU.ActiveCfg = Release|Any CPU
		{F5CC1FE5-A4EE-4D81-B964-0FC087E83DF0}.Release|Any CPU.Build.0 = Release|Any CPU
		{D86FBC65-00CF-49DB-8DAA-ADD7337B4039}.Debug|Any CPU.ActiveCfg = Debug|Any CPU
		{D86FBC65-00CF-49DB-8DAA-ADD7337B4039}.Debug|Any CPU.Build.0 = Debug|Any CPU
		{D86FBC65-00CF-49DB-8DAA-ADD7337B4039}.Release|Any CPU.ActiveCfg = Release|Any CPU
		{D86FBC65-00CF-49DB-8DAA-ADD7337B4039}.Release|Any CPU.Build.0 = Release|Any CPU
		{229A37AF-1832-4243-8C25-6FBC948E4550}.Debug|Any CPU.ActiveCfg = Debug|Any CPU
		{229A37AF-1832-4243-8C25-6FBC948E4550}.Debug|Any CPU.Build.0 = Debug|Any CPU
		{229A37AF-1832-4243-8C25-6FBC948E4550}.Release|Any CPU.ActiveCfg = Release|Any CPU
		{229A37AF-1832-4243-8C25-6FBC948E4550}.Release|Any CPU.Build.0 = Release|Any CPU
		{BA9A8F3C-EA91-49B8-91DE-46C39C67DB4B}.Debug|Any CPU.ActiveCfg = Debug|Any CPU
		{BA9A8F3C-EA91-49B8-91DE-46C39C67DB4B}.Debug|Any CPU.Build.0 = Debug|Any CPU
		{BA9A8F3C-EA91-49B8-91DE-46C39C67DB4B}.Release|Any CPU.ActiveCfg = Release|Any CPU
		{BA9A8F3C-EA91-49B8-91DE-46C39C67DB4B}.Release|Any CPU.Build.0 = Release|Any CPU
		{B546304B-22B1-4823-A0C3-D4D34B7575FE}.Debug|Any CPU.ActiveCfg = Debug|Any CPU
		{B546304B-22B1-4823-A0C3-D4D34B7575FE}.Debug|Any CPU.Build.0 = Debug|Any CPU
		{B546304B-22B1-4823-A0C3-D4D34B7575FE}.Release|Any CPU.ActiveCfg = Release|Any CPU
		{B546304B-22B1-4823-A0C3-D4D34B7575FE}.Release|Any CPU.Build.0 = Release|Any CPU
		{13A46992-4292-43E8-AD2D-E65505E8BAC5}.Debug|Any CPU.ActiveCfg = Debug|Any CPU
		{13A46992-4292-43E8-AD2D-E65505E8BAC5}.Debug|Any CPU.Build.0 = Debug|Any CPU
		{13A46992-4292-43E8-AD2D-E65505E8BAC5}.Release|Any CPU.ActiveCfg = Release|Any CPU
		{13A46992-4292-43E8-AD2D-E65505E8BAC5}.Release|Any CPU.Build.0 = Release|Any CPU
		{C0E200A8-EDDC-4454-8077-50C199D1FBA4}.Debug|Any CPU.ActiveCfg = Debug|Any CPU
		{C0E200A8-EDDC-4454-8077-50C199D1FBA4}.Debug|Any CPU.Build.0 = Debug|Any CPU
		{C0E200A8-EDDC-4454-8077-50C199D1FBA4}.Release|Any CPU.ActiveCfg = Release|Any CPU
		{C0E200A8-EDDC-4454-8077-50C199D1FBA4}.Release|Any CPU.Build.0 = Release|Any CPU
	EndGlobalSection
EndGlobal
